
Microsoft Visual Studio Solution File, Format Version 12.00
# Visual Studio Version 16
VisualStudioVersion = 16.0.30523.141
MinimumVisualStudioVersion = 10.0.40219.1
Project("{9A19103F-16F7-4668-BE54-9A1E7A4F7556}") = "DAL", "DAL\DAL.csproj", "{633FC151-65DA-451A-BE9E-515D63D81598}"
EndProject
Project("{2150E333-8FDC-42A3-9474-1A3956D46DE8}") = "Solution Items", "Solution Items", "{8040BF9C-0CBE-458D-A72E-895E10890E73}"
	ProjectSection(SolutionItems) = preProject
		.editorconfig = .editorconfig
		.gitignore = .gitignore
		Notes.md = Notes.md
		README.md = README.md
	EndProjectSection
EndProject
Project("{9A19103F-16F7-4668-BE54-9A1E7A4F7556}") = "UnitTests", "UnitTests\UnitTests.csproj", "{D5268C9F-0D74-4653-9C23-6185C050800B}"
EndProject
Project("{9A19103F-16F7-4668-BE54-9A1E7A4F7556}") = "BL", "BL\BL.csproj", "{1E73B3EE-717F-4217-BE84-0E7AE5C764E8}"
EndProject
Global
	GlobalSection(SolutionConfigurationPlatforms) = preSolution
		Debug|Any CPU = Debug|Any CPU
		Release|Any CPU = Release|Any CPU
	EndGlobalSection
	GlobalSection(ProjectConfigurationPlatforms) = postSolution
		{633FC151-65DA-451A-BE9E-515D63D81598}.Debug|Any CPU.ActiveCfg = Debug|Any CPU
		{633FC151-65DA-451A-BE9E-515D63D81598}.Debug|Any CPU.Build.0 = Debug|Any CPU
		{633FC151-65DA-451A-BE9E-515D63D81598}.Release|Any CPU.ActiveCfg = Release|Any CPU
		{633FC151-65DA-451A-BE9E-515D63D81598}.Release|Any CPU.Build.0 = Release|Any CPU
		{D5268C9F-0D74-4653-9C23-6185C050800B}.Debug|Any CPU.ActiveCfg = Debug|Any CPU
		{D5268C9F-0D74-4653-9C23-6185C050800B}.Debug|Any CPU.Build.0 = Debug|Any CPU
		{D5268C9F-0D74-4653-9C23-6185C050800B}.Release|Any CPU.ActiveCfg = Release|Any CPU
		{D5268C9F-0D74-4653-9C23-6185C050800B}.Release|Any CPU.Build.0 = Release|Any CPU
		{1E73B3EE-717F-4217-BE84-0E7AE5C764E8}.Debug|Any CPU.ActiveCfg = Debug|Any CPU
		{1E73B3EE-717F-4217-BE84-0E7AE5C764E8}.Debug|Any CPU.Build.0 = Debug|Any CPU
		{1E73B3EE-717F-4217-BE84-0E7AE5C764E8}.Release|Any CPU.ActiveCfg = Release|Any CPU
		{1E73B3EE-717F-4217-BE84-0E7AE5C764E8}.Release|Any CPU.Build.0 = Release|Any CPU
	EndGlobalSection
	GlobalSection(SolutionProperties) = preSolution
		HideSolutionNode = FALSE
	EndGlobalSection
	GlobalSection(ExtensibilityGlobals) = postSolution
		SolutionGuid = {23389B3A-6E31-44B5-B949-75BDDCA1812F}
	EndGlobalSection
EndGlobal
